
Microsoft Visual Studio Solution File, Format Version 12.00
# Visual Studio 15
VisualStudioVersion = 15.0.27703.2042
MinimumVisualStudioVersion = 10.0.40219.1
Project("{9A19103F-16F7-4668-BE54-9A1E7A4F7556}") = "Airport.API", "Airport.API\Airport.API.csproj", "{2A4AB83E-7C4B-4128-B790-6BA450964188}"
EndProject
Project("{9A19103F-16F7-4668-BE54-9A1E7A4F7556}") = "Airport.DAL", "Airport.DAL\Airport.DAL.csproj", "{98914056-1EDF-4717-8C14-B385E88F462E}"
EndProject
Project("{9A19103F-16F7-4668-BE54-9A1E7A4F7556}") = "Airport.Shared", "Airport.Shared\Airport.Shared.csproj", "{B66CC823-1DC5-4E01-AFC1-E612C13A41F7}"
EndProject
Project("{9A19103F-16F7-4668-BE54-9A1E7A4F7556}") = "Airport.BLL", "Airport.BLL\Airport.BLL.csproj", "{86BD4C23-C743-478E-86AA-C5E1F6F89D0E}"
EndProject
Project("{9A19103F-16F7-4668-BE54-9A1E7A4F7556}") = "Airport.Tests", "Airport.Tests\Airport.Tests.csproj", "{4984A35B-B041-403F-B27B-BF505C49F669}"
EndProject
Global
	GlobalSection(SolutionConfigurationPlatforms) = preSolution
		Debug|Any CPU = Debug|Any CPU
		Release|Any CPU = Release|Any CPU
	EndGlobalSection
	GlobalSection(ProjectConfigurationPlatforms) = postSolution
		{2A4AB83E-7C4B-4128-B790-6BA450964188}.Debug|Any CPU.ActiveCfg = Debug|Any CPU
		{2A4AB83E-7C4B-4128-B790-6BA450964188}.Debug|Any CPU.Build.0 = Debug|Any CPU
		{2A4AB83E-7C4B-4128-B790-6BA450964188}.Release|Any CPU.ActiveCfg = Release|Any CPU
		{2A4AB83E-7C4B-4128-B790-6BA450964188}.Release|Any CPU.Build.0 = Release|Any CPU
		{98914056-1EDF-4717-8C14-B385E88F462E}.Debug|Any CPU.ActiveCfg = Debug|Any CPU
		{98914056-1EDF-4717-8C14-B385E88F462E}.Debug|Any CPU.Build.0 = Debug|Any CPU
		{98914056-1EDF-4717-8C14-B385E88F462E}.Release|Any CPU.ActiveCfg = Release|Any CPU
		{98914056-1EDF-4717-8C14-B385E88F462E}.Release|Any CPU.Build.0 = Release|Any CPU
		{B66CC823-1DC5-4E01-AFC1-E612C13A41F7}.Debug|Any CPU.ActiveCfg = Debug|Any CPU
		{B66CC823-1DC5-4E01-AFC1-E612C13A41F7}.Debug|Any CPU.Build.0 = Debug|Any CPU
		{B66CC823-1DC5-4E01-AFC1-E612C13A41F7}.Release|Any CPU.ActiveCfg = Release|Any CPU
		{B66CC823-1DC5-4E01-AFC1-E612C13A41F7}.Release|Any CPU.Build.0 = Release|Any CPU
		{86BD4C23-C743-478E-86AA-C5E1F6F89D0E}.Debug|Any CPU.ActiveCfg = Debug|Any CPU
		{86BD4C23-C743-478E-86AA-C5E1F6F89D0E}.Debug|Any CPU.Build.0 = Debug|Any CPU
		{86BD4C23-C743-478E-86AA-C5E1F6F89D0E}.Release|Any CPU.ActiveCfg = Release|Any CPU
		{86BD4C23-C743-478E-86AA-C5E1F6F89D0E}.Release|Any CPU.Build.0 = Release|Any CPU
		{4984A35B-B041-403F-B27B-BF505C49F669}.Debug|Any CPU.ActiveCfg = Debug|Any CPU
		{4984A35B-B041-403F-B27B-BF505C49F669}.Debug|Any CPU.Build.0 = Debug|Any CPU
		{4984A35B-B041-403F-B27B-BF505C49F669}.Release|Any CPU.ActiveCfg = Release|Any CPU
		{4984A35B-B041-403F-B27B-BF505C49F669}.Release|Any CPU.Build.0 = Release|Any CPU
	EndGlobalSection
	GlobalSection(SolutionProperties) = preSolution
		HideSolutionNode = FALSE
	EndGlobalSection
	GlobalSection(ExtensibilityGlobals) = postSolution
		SolutionGuid = {630F8C1D-D7B9-4BDF-85D1-AF2791A1CC31}
	EndGlobalSection
EndGlobal
